{
  "name": "vue-cookies-ts",
  "version": "1.5.11",
  "lockfileVersion": 1,
  "requires": true,
  "dependencies": {
    "cookies-ts": {
      "version": "1.0.1",
      "resolved": "https://registry.npmjs.org/cookies-ts/-/cookies-ts-1.0.1.tgz",
      "integrity": "sha512-a5JvGZ5Wr96yzN6cDO3195a1M9uM2nPfEOZBJ7aB/OaUHN62F40GVlvxjp94nx7G0tkNR1+zTc9yr9MFSrbtJw=="
    }
  }
}
