{
  "name": "vue-cookies-ts",
  "version": "1.5.13",
  "lockfileVersion": 1,
  "requires": true,
  "dependencies": {
    "cookies-ts": {
      "version": "1.0.2",
      "resolved": "https://registry.npmjs.org/cookies-ts/-/cookies-ts-1.0.2.tgz",
      "integrity": "sha512-c4lzPC7vA37TxLm/6Aca4gcn7RQY2+dzpYmA5rIxP0R9lFijqHy10Qr0lPM6++eO05nn2mw9nkX4j1Bf0Z2mpw=="
    },
    "vue": {
      "version": "2.6.10",
      "resolved": "https://registry.npmjs.org/vue/-/vue-2.6.10.tgz",
      "integrity": "sha512-ImThpeNU9HbdZL3utgMCq0oiMzAkt1mcgy3/E6zWC/G6AaQoeuFdsl9nDhTDU3X1R6FK7nsIUuRACVcjI+A2GQ=="
    }
  }
}
